
Microsoft Visual Studio Solution File, Format Version 12.00
# Visual Studio 14
VisualStudioVersion = 14.0.25420.1
MinimumVisualStudioVersion = 10.0.40219.1
Project("{FAE04EC0-301F-11D3-BF4B-00C04F79EFBC}") = "BladeRunnerHelper", "BladeRunnerHelper\BladeRunnerHelper.csproj", "{C6CF2E25-5D6B-4BC3-98D1-A7D9A7722114}"
EndProject
Project("{FAE04EC0-301F-11D3-BF4B-00C04F79EFBC}") = "BladeRunnerModelViewer", "BladeRunnerModelViewer\BladeRunnerModelViewer.csproj", "{C7503F7D-1705-4427-8727-B4CAE4DF64E8}"
EndProject
Global
	GlobalSection(SolutionConfigurationPlatforms) = preSolution
		Debug|Any CPU = Debug|Any CPU
		Release|Any CPU = Release|Any CPU
	EndGlobalSection
	GlobalSection(ProjectConfigurationPlatforms) = postSolution
		{C6CF2E25-5D6B-4BC3-98D1-A7D9A7722114}.Debug|Any CPU.ActiveCfg = Debug|Any CPU
		{C6CF2E25-5D6B-4BC3-98D1-A7D9A7722114}.Debug|Any CPU.Build.0 = Debug|Any CPU
		{C6CF2E25-5D6B-4BC3-98D1-A7D9A7722114}.Release|Any CPU.ActiveCfg = Release|Any CPU
		{C6CF2E25-5D6B-4BC3-98D1-A7D9A7722114}.Release|Any CPU.Build.0 = Release|Any CPU
		{C7503F7D-1705-4427-8727-B4CAE4DF64E8}.Debug|Any CPU.ActiveCfg = Debug|Any CPU
		{C7503F7D-1705-4427-8727-B4CAE4DF64E8}.Debug|Any CPU.Build.0 = Debug|Any CPU
		{C7503F7D-1705-4427-8727-B4CAE4DF64E8}.Release|Any CPU.ActiveCfg = Release|Any CPU
		{C7503F7D-1705-4427-8727-B4CAE4DF64E8}.Release|Any CPU.Build.0 = Release|Any CPU
	EndGlobalSection
	GlobalSection(SolutionProperties) = preSolution
		HideSolutionNode = FALSE
	EndGlobalSection
EndGlobal
